
Microsoft Visual Studio Solution File, Format Version 12.00
# Visual Studio Version 17
VisualStudioVersion = 17.14.36414.22 d17.14
MinimumVisualStudioVersion = 10.0.40219.1
Project("{FAE04EC0-301F-11D3-BF4B-00C04F79EFBC}") = "WinGraphicsExp", "WinGraphicsExp.csproj", "{8C633A65-66D3-4249-AC59-C2E76242F890}"
EndProject
Global
	GlobalSection(SolutionConfigurationPlatforms) = preSolution
		Debug|Any CPU = Debug|Any CPU
		Release|Any CPU = Release|Any CPU
	EndGlobalSection
	GlobalSection(ProjectConfigurationPlatforms) = postSolution
		{8C633A65-66D3-4249-AC59-C2E76242F890}.Debug|Any CPU.ActiveCfg = Debug|Any CPU
		{8C633A65-66D3-4249-AC59-C2E76242F890}.Debug|Any CPU.Build.0 = Debug|Any CPU
		{8C633A65-66D3-4249-AC59-C2E76242F890}.Release|Any CPU.ActiveCfg = Release|Any CPU
		{8C633A65-66D3-4249-AC59-C2E76242F890}.Release|Any CPU.Build.0 = Release|Any CPU
	EndGlobalSection
	GlobalSection(SolutionProperties) = preSolution
		HideSolutionNode = FALSE
	EndGlobalSection
	GlobalSection(ExtensibilityGlobals) = postSolution
		SolutionGuid = {56555E5C-CAF7-4BB4-A8FE-B75B90EF3D21}
	EndGlobalSection
EndGlobal
